
Microsoft Visual Studio Solution File, Format Version 12.00
# Visual Studio Version 17
VisualStudioVersion = 17.0.31903.59
MinimumVisualStudioVersion = 10.0.40219.1
Project("{2150E333-8FDC-42A3-9474-1A3956D46DE8}") = "suite", "suite", "{BEF4DCE1-D893-4B76-9882-833B652AC7A5}"
EndProject
Project("{FAE04EC0-301F-11D3-BF4B-00C04F79EFBC}") = "Shopee.Core", "suite\Shopee.Core\Shopee.Core.csproj", "{6B13B5D2-A57B-4EC1-9593-EE2C2B41F4AB}"
EndProject
Project("{FAE04EC0-301F-11D3-BF4B-00C04F79EFBC}") = "Shopee.Module.CheckAccount", "suite\Shopee.Module.CheckAccount\Shopee.Module.CheckAccount.csproj", "{9C86478E-E5AF-4C38-9755-C4CCF4CBB05F}"
EndProject
Project("{FAE04EC0-301F-11D3-BF4B-00C04F79EFBC}") = "Shopee.Suite", "suite\Shopee.Suite\Shopee.Suite.csproj", "{CC9DA603-F5E5-477A-890E-332E7F16CF8F}"
EndProject
Project("{FAE04EC0-301F-11D3-BF4B-00C04F79EFBC}") = "Shopee.Module.MultiBrave", "suite\Shopee.Module.MultiBrave\Shopee.Module.MultiBrave.csproj", "{2C5F751B-19E6-48EC-A348-A56B14A923BD}"
EndProject
Project("{FAE04EC0-301F-11D3-BF4B-00C04F79EFBC}") = "Shopee.Module.Search", "suite\Shopee.Module.Search\Shopee.Module.Search.csproj", "{5F02FBFE-1ECE-415D-B59D-C81A98034418}"
EndProject
Project("{FAE04EC0-301F-11D3-BF4B-00C04F79EFBC}") = "Shopee.Module.UpdateProduct", "suite\Shopee.Module.UpdateProduct\Shopee.Module.UpdateProduct.csproj", "{B8F043A3-A66D-44AB-A3C4-5405A6E8D421}"
EndProject
Project("{2150E333-8FDC-42A3-9474-1A3956D46DE8}") = "orders", "orders", "{6A33D9C6-A4C7-4D06-9C37-98349F3A11D9}"
EndProject
Project("{FAE04EC0-301F-11D3-BF4B-00C04F79EFBC}") = "XuLyDonShopee.Core", "orders\XuLyDonShopee.Core\XuLyDonShopee.Core.csproj", "{1E21C536-A41B-4F0E-BBB7-E4A5C3F8571C}"
EndProject
Project("{FAE04EC0-301F-11D3-BF4B-00C04F79EFBC}") = "XuLyDonShopee.App", "orders\XuLyDonShopee.App\XuLyDonShopee.App.csproj", "{037C15A4-E501-4C7E-B313-C90F1353D847}"
EndProject
Project("{FAE04EC0-301F-11D3-BF4B-00C04F79EFBC}") = "XuLyDonShopee.Tests", "orders\XuLyDonShopee.Tests\XuLyDonShopee.Tests.csproj", "{A181BEDF-A1B7-4CE8-BD85-09C427A28615}"
EndProject
Project("{2150E333-8FDC-42A3-9474-1A3956D46DE8}") = "shared", "shared", "{02C9FA95-B128-4EB2-99DF-0AB93DC0503E}"
EndProject
Project("{FAE04EC0-301F-11D3-BF4B-00C04F79EFBC}") = "Shopee.Proxy.Kiot", "shared\Shopee.Proxy.Kiot\Shopee.Proxy.Kiot.csproj", "{107C2467-7650-4F8F-84BA-D0298C3207B4}"
EndProject
Global
	GlobalSection(SolutionConfigurationPlatforms) = preSolution
		Debug|Any CPU = Debug|Any CPU
		Release|Any CPU = Release|Any CPU
	EndGlobalSection
	GlobalSection(SolutionProperties) = preSolution
		HideSolutionNode = FALSE
	EndGlobalSection
	GlobalSection(ProjectConfigurationPlatforms) = postSolution
		{6B13B5D2-A57B-4EC1-9593-EE2C2B41F4AB}.Debug|Any CPU.ActiveCfg = Debug|Any CPU
		{6B13B5D2-A57B-4EC1-9593-EE2C2B41F4AB}.Debug|Any CPU.Build.0 = Debug|Any CPU
		{6B13B5D2-A57B-4EC1-9593-EE2C2B41F4AB}.Release|Any CPU.ActiveCfg = Release|Any CPU
		{6B13B5D2-A57B-4EC1-9593-EE2C2B41F4AB}.Release|Any CPU.Build.0 = Release|Any CPU
		{9C86478E-E5AF-4C38-9755-C4CCF4CBB05F}.Debug|Any CPU.ActiveCfg = Debug|Any CPU
		{9C86478E-E5AF-4C38-9755-C4CCF4CBB05F}.Debug|Any CPU.Build.0 = Debug|Any CPU
		{9C86478E-E5AF-4C38-9755-C4CCF4CBB05F}.Release|Any CPU.ActiveCfg = Release|Any CPU
		{9C86478E-E5AF-4C38-9755-C4CCF4CBB05F}.Release|Any CPU.Build.0 = Release|Any CPU
		{CC9DA603-F5E5-477A-890E-332E7F16CF8F}.Debug|Any CPU.ActiveCfg = Debug|Any CPU
		{CC9DA603-F5E5-477A-890E-332E7F16CF8F}.Debug|Any CPU.Build.0 = Debug|Any CPU
		{CC9DA603-F5E5-477A-890E-332E7F16CF8F}.Release|Any CPU.ActiveCfg = Release|Any CPU
		{CC9DA603-F5E5-477A-890E-332E7F16CF8F}.Release|Any CPU.Build.0 = Release|Any CPU
		{2C5F751B-19E6-48EC-A348-A56B14A923BD}.Debug|Any CPU.ActiveCfg = Debug|Any CPU
		{2C5F751B-19E6-48EC-A348-A56B14A923BD}.Debug|Any CPU.Build.0 = Debug|Any CPU
		{2C5F751B-19E6-48EC-A348-A56B14A923BD}.Release|Any CPU.ActiveCfg = Release|Any CPU
		{2C5F751B-19E6-48EC-A348-A56B14A923BD}.Release|Any CPU.Build.0 = Release|Any CPU
		{5F02FBFE-1ECE-415D-B59D-C81A98034418}.Debug|Any CPU.ActiveCfg = Debug|Any CPU
		{5F02FBFE-1ECE-415D-B59D-C81A98034418}.Debug|Any CPU.Build.0 = Debug|Any CPU
		{5F02FBFE-1ECE-415D-B59D-C81A98034418}.Release|Any CPU.ActiveCfg = Release|Any CPU
		{5F02FBFE-1ECE-415D-B59D-C81A98034418}.Release|Any CPU.Build.0 = Release|Any CPU
		{B8F043A3-A66D-44AB-A3C4-5405A6E8D421}.Debug|Any CPU.ActiveCfg = Debug|Any CPU
		{B8F043A3-A66D-44AB-A3C4-5405A6E8D421}.Debug|Any CPU.Build.0 = Debug|Any CPU
		{B8F043A3-A66D-44AB-A3C4-5405A6E8D421}.Release|Any CPU.ActiveCfg = Release|Any CPU
		{B8F043A3-A66D-44AB-A3C4-5405A6E8D421}.Release|Any CPU.Build.0 = Release|Any CPU
		{1E21C536-A41B-4F0E-BBB7-E4A5C3F8571C}.Debug|Any CPU.ActiveCfg = Debug|Any CPU
		{1E21C536-A41B-4F0E-BBB7-E4A5C3F8571C}.Debug|Any CPU.Build.0 = Debug|Any CPU
		{1E21C536-A41B-4F0E-BBB7-E4A5C3F8571C}.Release|Any CPU.ActiveCfg = Release|Any CPU
		{1E21C536-A41B-4F0E-BBB7-E4A5C3F8571C}.Release|Any CPU.Build.0 = Release|Any CPU
		{037C15A4-E501-4C7E-B313-C90F1353D847}.Debug|Any CPU.ActiveCfg = Debug|Any CPU
		{037C15A4-E501-4C7E-B313-C90F1353D847}.Debug|Any CPU.Build.0 = Debug|Any CPU
		{037C15A4-E501-4C7E-B313-C90F1353D847}.Release|Any CPU.ActiveCfg = Release|Any CPU
		{037C15A4-E501-4C7E-B313-C90F1353D847}.Release|Any CPU.Build.0 = Release|Any CPU
		{A181BEDF-A1B7-4CE8-BD85-09C427A28615}.Debug|Any CPU.ActiveCfg = Debug|Any CPU
		{A181BEDF-A1B7-4CE8-BD85-09C427A28615}.Debug|Any CPU.Build.0 = Debug|Any CPU
		{A181BEDF-A1B7-4CE8-BD85-09C427A28615}.Release|Any CPU.ActiveCfg = Release|Any CPU
		{A181BEDF-A1B7-4CE8-BD85-09C427A28615}.Release|Any CPU.Build.0 = Release|Any CPU
		{107C2467-7650-4F8F-84BA-D0298C3207B4}.Debug|Any CPU.ActiveCfg = Debug|Any CPU
		{107C2467-7650-4F8F-84BA-D0298C3207B4}.Debug|Any CPU.Build.0 = Debug|Any CPU
		{107C2467-7650-4F8F-84BA-D0298C3207B4}.Release|Any CPU.ActiveCfg = Release|Any CPU
		{107C2467-7650-4F8F-84BA-D0298C3207B4}.Release|Any CPU.Build.0 = Release|Any CPU
	EndGlobalSection
	GlobalSection(NestedProjects) = preSolution
		{6B13B5D2-A57B-4EC1-9593-EE2C2B41F4AB} = {BEF4DCE1-D893-4B76-9882-833B652AC7A5}
		{9C86478E-E5AF-4C38-9755-C4CCF4CBB05F} = {BEF4DCE1-D893-4B76-9882-833B652AC7A5}
		{CC9DA603-F5E5-477A-890E-332E7F16CF8F} = {BEF4DCE1-D893-4B76-9882-833B652AC7A5}
		{2C5F751B-19E6-48EC-A348-A56B14A923BD} = {BEF4DCE1-D893-4B76-9882-833B652AC7A5}
		{5F02FBFE-1ECE-415D-B59D-C81A98034418} = {BEF4DCE1-D893-4B76-9882-833B652AC7A5}
		{B8F043A3-A66D-44AB-A3C4-5405A6E8D421} = {BEF4DCE1-D893-4B76-9882-833B652AC7A5}
		{1E21C536-A41B-4F0E-BBB7-E4A5C3F8571C} = {6A33D9C6-A4C7-4D06-9C37-98349F3A11D9}
		{037C15A4-E501-4C7E-B313-C90F1353D847} = {6A33D9C6-A4C7-4D06-9C37-98349F3A11D9}
		{A181BEDF-A1B7-4CE8-BD85-09C427A28615} = {6A33D9C6-A4C7-4D06-9C37-98349F3A11D9}
		{107C2467-7650-4F8F-84BA-D0298C3207B4} = {02C9FA95-B128-4EB2-99DF-0AB93DC0503E}
	EndGlobalSection
EndGlobal
